
Microsoft Visual Studio Solution File, Format Version 12.00
# Visual Studio Version 17
VisualStudioVersion = 17.4.33213.308
MinimumVisualStudioVersion = 10.0.40219.1
Project("{FAE04EC0-301F-11D3-BF4B-00C04F79EFBC}") = "Homework3", "Homework3.csproj", "{9DF003A7-2E19-42AD-8E84-BACEE141DF8A}"
EndProject
Global
	GlobalSection(SolutionConfigurationPlatforms) = preSolution
		Debug|Any CPU = Debug|Any CPU
		Release|Any CPU = Release|Any CPU
	EndGlobalSection
	GlobalSection(ProjectConfigurationPlatforms) = postSolution
		{9DF003A7-2E19-42AD-8E84-BACEE141DF8A}.Debug|Any CPU.ActiveCfg = Debug|Any CPU
		{9DF003A7-2E19-42AD-8E84-BACEE141DF8A}.Debug|Any CPU.Build.0 = Debug|Any CPU
		{9DF003A7-2E19-42AD-8E84-BACEE141DF8A}.Release|Any CPU.ActiveCfg = Release|Any CPU
		{9DF003A7-2E19-42AD-8E84-BACEE141DF8A}.Release|Any CPU.Build.0 = Release|Any CPU
	EndGlobalSection
	GlobalSection(SolutionProperties) = preSolution
		HideSolutionNode = FALSE
	EndGlobalSection
	GlobalSection(ExtensibilityGlobals) = postSolution
		SolutionGuid = {DE860E08-A324-4FBD-A6EB-B7D59642A606}
	EndGlobalSection
EndGlobal
